
Microsoft Visual Studio Solution File, Format Version 12.00
# Visual Studio 15
Project("{FAE04EC0-301F-11D3-BF4B-00C04F79EFBC}") = "Mirror", "Mirror.csproj", "{DB00352F-FB04-8BB3-899D-27A21DB91E99}"
EndProject
Project("{FAE04EC0-301F-11D3-BF4B-00C04F79EFBC}") = "Telepathy", "Telepathy.csproj", "{CA8BD983-C945-C4DE-E36B-F7B360EDBEDE}"
EndProject
Project("{FAE04EC0-301F-11D3-BF4B-00C04F79EFBC}") = "Mirror.Websocket", "Mirror.Websocket.csproj", "{169C2A82-4D96-438F-CF92-164875F979E3}"
EndProject
Project("{FAE04EC0-301F-11D3-BF4B-00C04F79EFBC}") = "Assembly-CSharp-firstpass", "Assembly-CSharp-firstpass.csproj", "{A58E4CFF-7604-98D8-1877-1A6FC496CF9A}"
EndProject
Project("{FAE04EC0-301F-11D3-BF4B-00C04F79EFBC}") = "Mirror.Cloud", "Mirror.Cloud.csproj", "{7B51471B-36C6-6A3C-C1B3-43414E787CBC}"
EndProject
Project("{FAE04EC0-301F-11D3-BF4B-00C04F79EFBC}") = "Mirror.Components", "Mirror.Components.csproj", "{8A84231C-92FA-1400-76FB-6A4A0C9C235C}"
EndProject
Project("{FAE04EC0-301F-11D3-BF4B-00C04F79EFBC}") = "Ninja.WebSockets", "Ninja.WebSockets.csproj", "{39545E79-FC0C-93FA-19A8-83624467D733}"
EndProject
Project("{FAE04EC0-301F-11D3-BF4B-00C04F79EFBC}") = "Mirror.Examples", "Mirror.Examples.csproj", "{98FCA93F-0EE6-0553-84B9-FE1F92485F85}"
EndProject
Project("{FAE04EC0-301F-11D3-BF4B-00C04F79EFBC}") = "Mirror.Examples.Cloud.GUI", "Mirror.Examples.Cloud.GUI.csproj", "{DB1DAB1C-42E9-AE35-4A4C-3B24FE044339}"
EndProject
Project("{FAE04EC0-301F-11D3-BF4B-00C04F79EFBC}") = "Assembly-CSharp", "Assembly-CSharp.csproj", "{514A435D-F07B-3516-8858-A09AD47FC2AB}"
EndProject
Project("{FAE04EC0-301F-11D3-BF4B-00C04F79EFBC}") = "Mirror.Examples.Cloud.Pong", "Mirror.Examples.Cloud.Pong.csproj", "{8E9E902E-612C-ADF0-0B85-AF687AED800F}"
EndProject
Project("{FAE04EC0-301F-11D3-BF4B-00C04F79EFBC}") = "Mirror.Authenticators", "Mirror.Authenticators.csproj", "{8F699B9F-CB3D-2CDC-EDA4-F40E2B3783DA}"
EndProject
Project("{FAE04EC0-301F-11D3-BF4B-00C04F79EFBC}") = "Mirror.example.RigidbodyPhysics", "Mirror.example.RigidbodyPhysics.csproj", "{38DF5C23-A756-0FF6-1D82-3A824A6646FC}"
EndProject
Project("{FAE04EC0-301F-11D3-BF4B-00C04F79EFBC}") = "Mirror.Weaver", "Mirror.Weaver.csproj", "{E27F89A9-1C57-2934-1A2E-C85906457904}"
EndProject
Project("{FAE04EC0-301F-11D3-BF4B-00C04F79EFBC}") = "Mirror.Editor", "Mirror.Editor.csproj", "{06871434-5973-875B-4B5D-059871F6A839}"
EndProject
Project("{FAE04EC0-301F-11D3-BF4B-00C04F79EFBC}") = "Mirror.CompilerSymbols", "Mirror.CompilerSymbols.csproj", "{22C3D3A4-81AB-EE05-D5FE-D69AF597316D}"
EndProject
Global
	GlobalSection(SolutionConfigurationPlatforms) = preSolution
		Debug|Any CPU = Debug|Any CPU
		Release|Any CPU = Release|Any CPU
	EndGlobalSection
	GlobalSection(ProjectConfigurationPlatforms) = postSolution
		{DB00352F-FB04-8BB3-899D-27A21DB91E99}.Debug|Any CPU.ActiveCfg = Debug|Any CPU
		{DB00352F-FB04-8BB3-899D-27A21DB91E99}.Debug|Any CPU.Build.0 = Debug|Any CPU
		{DB00352F-FB04-8BB3-899D-27A21DB91E99}.Release|Any CPU.ActiveCfg = Release|Any CPU
		{DB00352F-FB04-8BB3-899D-27A21DB91E99}.Release|Any CPU.Build.0 = Release|Any CPU
		{CA8BD983-C945-C4DE-E36B-F7B360EDBEDE}.Debug|Any CPU.ActiveCfg = Debug|Any CPU
		{CA8BD983-C945-C4DE-E36B-F7B360EDBEDE}.Debug|Any CPU.Build.0 = Debug|Any CPU
		{CA8BD983-C945-C4DE-E36B-F7B360EDBEDE}.Release|Any CPU.ActiveCfg = Release|Any CPU
		{CA8BD983-C945-C4DE-E36B-F7B360EDBEDE}.Release|Any CPU.Build.0 = Release|Any CPU
		{169C2A82-4D96-438F-CF92-164875F979E3}.Debug|Any CPU.ActiveCfg = Debug|Any CPU
		{169C2A82-4D96-438F-CF92-164875F979E3}.Debug|Any CPU.Build.0 = Debug|Any CPU
		{169C2A82-4D96-438F-CF92-164875F979E3}.Release|Any CPU.ActiveCfg = Release|Any CPU
		{169C2A82-4D96-438F-CF92-164875F979E3}.Release|Any CPU.Build.0 = Release|Any CPU
		{A58E4CFF-7604-98D8-1877-1A6FC496CF9A}.Debug|Any CPU.ActiveCfg = Debug|Any CPU
		{A58E4CFF-7604-98D8-1877-1A6FC496CF9A}.Debug|Any CPU.Build.0 = Debug|Any CPU
		{A58E4CFF-7604-98D8-1877-1A6FC496CF9A}.Release|Any CPU.ActiveCfg = Release|Any CPU
		{A58E4CFF-7604-98D8-1877-1A6FC496CF9A}.Release|Any CPU.Build.0 = Release|Any CPU
		{7B51471B-36C6-6A3C-C1B3-43414E787CBC}.Debug|Any CPU.ActiveCfg = Debug|Any CPU
		{7B51471B-36C6-6A3C-C1B3-43414E787CBC}.Debug|Any CPU.Build.0 = Debug|Any CPU
		{7B51471B-36C6-6A3C-C1B3-43414E787CBC}.Release|Any CPU.ActiveCfg = Release|Any CPU
		{7B51471B-36C6-6A3C-C1B3-43414E787CBC}.Release|Any CPU.Build.0 = Release|Any CPU
		{8A84231C-92FA-1400-76FB-6A4A0C9C235C}.Debug|Any CPU.ActiveCfg = Debug|Any CPU
		{8A84231C-92FA-1400-76FB-6A4A0C9C235C}.Debug|Any CPU.Build.0 = Debug|Any CPU
		{8A84231C-92FA-1400-76FB-6A4A0C9C235C}.Release|Any CPU.ActiveCfg = Release|Any CPU
		{8A84231C-92FA-1400-76FB-6A4A0C9C235C}.Release|Any CPU.Build.0 = Release|Any CPU
		{39545E79-FC0C-93FA-19A8-83624467D733}.Debug|Any CPU.ActiveCfg = Debug|Any CPU
		{39545E79-FC0C-93FA-19A8-83624467D733}.Debug|Any CPU.Build.0 = Debug|Any CPU
		{39545E79-FC0C-93FA-19A8-83624467D733}.Release|Any CPU.ActiveCfg = Release|Any CPU
		{39545E79-FC0C-93FA-19A8-83624467D733}.Release|Any CPU.Build.0 = Release|Any CPU
		{98FCA93F-0EE6-0553-84B9-FE1F92485F85}.Debug|Any CPU.ActiveCfg = Debug|Any CPU
		{98FCA93F-0EE6-0553-84B9-FE1F92485F85}.Debug|Any CPU.Build.0 = Debug|Any CPU
		{98FCA93F-0EE6-0553-84B9-FE1F92485F85}.Release|Any CPU.ActiveCfg = Release|Any CPU
		{98FCA93F-0EE6-0553-84B9-FE1F92485F85}.Release|Any CPU.Build.0 = Release|Any CPU
		{DB1DAB1C-42E9-AE35-4A4C-3B24FE044339}.Debug|Any CPU.ActiveCfg = Debug|Any CPU
		{DB1DAB1C-42E9-AE35-4A4C-3B24FE044339}.Debug|Any CPU.Build.0 = Debug|Any CPU
		{DB1DAB1C-42E9-AE35-4A4C-3B24FE044339}.Release|Any CPU.ActiveCfg = Release|Any CPU
		{DB1DAB1C-42E9-AE35-4A4C-3B24FE044339}.Release|Any CPU.Build.0 = Release|Any CPU
		{514A435D-F07B-3516-8858-A09AD47FC2AB}.Debug|Any CPU.ActiveCfg = Debug|Any CPU
		{514A435D-F07B-3516-8858-A09AD47FC2AB}.Debug|Any CPU.Build.0 = Debug|Any CPU
		{514A435D-F07B-3516-8858-A09AD47FC2AB}.Release|Any CPU.ActiveCfg = Release|Any CPU
		{514A435D-F07B-3516-8858-A09AD47FC2AB}.Release|Any CPU.Build.0 = Release|Any CPU
		{8E9E902E-612C-ADF0-0B85-AF687AED800F}.Debug|Any CPU.ActiveCfg = Debug|Any CPU
		{8E9E902E-612C-ADF0-0B85-AF687AED800F}.Debug|Any CPU.Build.0 = Debug|Any CPU
		{8E9E902E-612C-ADF0-0B85-AF687AED800F}.Release|Any CPU.ActiveCfg = Release|Any CPU
		{8E9E902E-612C-ADF0-0B85-AF687AED800F}.Release|Any CPU.Build.0 = Release|Any CPU
		{8F699B9F-CB3D-2CDC-EDA4-F40E2B3783DA}.Debug|Any CPU.ActiveCfg = Debug|Any CPU
		{8F699B9F-CB3D-2CDC-EDA4-F40E2B3783DA}.Debug|Any CPU.Build.0 = Debug|Any CPU
		{8F699B9F-CB3D-2CDC-EDA4-F40E2B3783DA}.Release|Any CPU.ActiveCfg = Release|Any CPU
		{8F699B9F-CB3D-2CDC-EDA4-F40E2B3783DA}.Release|Any CPU.Build.0 = Release|Any CPU
		{38DF5C23-A756-0FF6-1D82-3A824A6646FC}.Debug|Any CPU.ActiveCfg = Debug|Any CPU
		{38DF5C23-A756-0FF6-1D82-3A824A6646FC}.Debug|Any CPU.Build.0 = Debug|Any CPU
		{38DF5C23-A756-0FF6-1D82-3A824A6646FC}.Release|Any CPU.ActiveCfg = Release|Any CPU
		{38DF5C23-A756-0FF6-1D82-3A824A6646FC}.Release|Any CPU.Build.0 = Release|Any CPU
		{E27F89A9-1C57-2934-1A2E-C85906457904}.Debug|Any CPU.ActiveCfg = Debug|Any CPU
		{E27F89A9-1C57-2934-1A2E-C85906457904}.Debug|Any CPU.Build.0 = Debug|Any CPU
		{E27F89A9-1C57-2934-1A2E-C85906457904}.Release|Any CPU.ActiveCfg = Release|Any CPU
		{E27F89A9-1C57-2934-1A2E-C85906457904}.Release|Any CPU.Build.0 = Release|Any CPU
		{06871434-5973-875B-4B5D-059871F6A839}.Debug|Any CPU.ActiveCfg = Debug|Any CPU
		{06871434-5973-875B-4B5D-059871F6A839}.Debug|Any CPU.Build.0 = Debug|Any CPU
		{06871434-5973-875B-4B5D-059871F6A839}.Release|Any CPU.ActiveCfg = Release|Any CPU
		{06871434-5973-875B-4B5D-059871F6A839}.Release|Any CPU.Build.0 = Release|Any CPU
		{22C3D3A4-81AB-EE05-D5FE-D69AF597316D}.Debug|Any CPU.ActiveCfg = Debug|Any CPU
		{22C3D3A4-81AB-EE05-D5FE-D69AF597316D}.Debug|Any CPU.Build.0 = Debug|Any CPU
		{22C3D3A4-81AB-EE05-D5FE-D69AF597316D}.Release|Any CPU.ActiveCfg = Release|Any CPU
		{22C3D3A4-81AB-EE05-D5FE-D69AF597316D}.Release|Any CPU.Build.0 = Release|Any CPU
	EndGlobalSection
	GlobalSection(SolutionProperties) = preSolution
		HideSolutionNode = FALSE
	EndGlobalSection
EndGlobal
